// !$*UTF8*$!
{
	archiveVersion = 1;
	classes = {
	};
	objectVersion = 56;
	objects = {

/* Begin PBXBuildFile section */
		8268E0682A0A7A5600C90497 /* PrintfulStoreDemoAppApp.swift in Sources */ = {isa = PBXBuildFile; fileRef = 8268E0672A0A7A5600C90497 /* PrintfulStoreDemoAppApp.swift */; };
		8268E06C2A0A7A5800C90497 /* Assets.xcassets in Resources */ = {isa = PBXBuildFile; fileRef = 8268E06B2A0A7A5800C90497 /* Assets.xcassets */; };
		8268E06F2A0A7A5800C90497 /* Preview Assets.xcassets in Resources */ = {isa = PBXBuildFile; fileRef = 8268E06E2A0A7A5800C90497 /* Preview Assets.xcassets */; };
		8268E0792A0A7B2400C90497 /* HomeView.swift in Sources */ = {isa = PBXBuildFile; fileRef = 8268E0782A0A7B2400C90497 /* HomeView.swift */; };
		8268E07C2A0A7C7200C90497 /* CategoriesView.swift in Sources */ = {isa = PBXBuildFile; fileRef = 8268E07B2A0A7C7200C90497 /* CategoriesView.swift */; };
		8268E07F2A0A7CE000C90497 /* Enumerations.swift in Sources */ = {isa = PBXBuildFile; fileRef = 8268E07E2A0A7CE000C90497 /* Enumerations.swift */; };
		8268E0812A0A7CEA00C90497 /* Helpers.swift in Sources */ = {isa = PBXBuildFile; fileRef = 8268E0802A0A7CEA00C90497 /* Helpers.swift */; };
		8268E0832A0A7CF200C90497 /* Constants.swift in Sources */ = {isa = PBXBuildFile; fileRef = 8268E0822A0A7CF200C90497 /* Constants.swift */; };
		8268E0862A0A7EB800C90497 /* FavoriteView.swift in Sources */ = {isa = PBXBuildFile; fileRef = 8268E0852A0A7EB800C90497 /* FavoriteView.swift */; };
		8268E0882A0A82AA00C90497 /* Categories.swift in Sources */ = {isa = PBXBuildFile; fileRef = 8268E0872A0A82AA00C90497 /* Categories.swift */; };
		8268E08B2A0A86C600C90497 /* StoreNetworkService.swift in Sources */ = {isa = PBXBuildFile; fileRef = 8268E08A2A0A86C600C90497 /* StoreNetworkService.swift */; };
		8268E08D2A0A879E00C90497 /* URL+Extensions.swift in Sources */ = {isa = PBXBuildFile; fileRef = 8268E08C2A0A879E00C90497 /* URL+Extensions.swift */; };
		8268E08F2A0A8A2F00C90497 /* CategoriesViewModel.swift in Sources */ = {isa = PBXBuildFile; fileRef = 8268E08E2A0A8A2F00C90497 /* CategoriesViewModel.swift */; };
		8268E0912A0A9CAB00C90497 /* CategoryRowItemView.swift in Sources */ = {isa = PBXBuildFile; fileRef = 8268E0902A0A9CAB00C90497 /* CategoryRowItemView.swift */; };
		8268E0932A0AD3CD00C90497 /* ProductsView.swift in Sources */ = {isa = PBXBuildFile; fileRef = 8268E0922A0AD3CD00C90497 /* ProductsView.swift */; };
		8268E0952A0C1A2200C90497 /* ProductsViewModel.swift in Sources */ = {isa = PBXBuildFile; fileRef = 8268E0942A0C1A2200C90497 /* ProductsViewModel.swift */; };
		8268E0972A0C1A5900C90497 /* Products.swift in Sources */ = {isa = PBXBuildFile; fileRef = 8268E0962A0C1A5900C90497 /* Products.swift */; };
		8268E09B2A0D611B00C90497 /* ProductRowItemView.swift in Sources */ = {isa = PBXBuildFile; fileRef = 8268E09A2A0D611B00C90497 /* ProductRowItemView.swift */; };
		8268E09D2A0D650E00C90497 /* ProductDetailView.swift in Sources */ = {isa = PBXBuildFile; fileRef = 8268E09C2A0D650E00C90497 /* ProductDetailView.swift */; };
		8268E0A42A0E38D500C90497 /* FavoriteProduct.xcdatamodeld in Sources */ = {isa = PBXBuildFile; fileRef = 8268E0A22A0E38D500C90497 /* FavoriteProduct.xcdatamodeld */; };
		8268E0A62A0E39CE00C90497 /* StorageDataController.swift in Sources */ = {isa = PBXBuildFile; fileRef = 8268E0A52A0E39CE00C90497 /* StorageDataController.swift */; };
		8268E0A82A0E51E000C90497 /* FavoriteProductsViewModel.swift in Sources */ = {isa = PBXBuildFile; fileRef = 8268E0A72A0E51E000C90497 /* FavoriteProductsViewModel.swift */; };
		8268E0AA2A114A5A00C90497 /* SkeletonRowItem.swift in Sources */ = {isa = PBXBuildFile; fileRef = 8268E0A92A114A5A00C90497 /* SkeletonRowItem.swift */; };
		8268E0AC2A115DA500C90497 /* EmptyInfoScreen.swift in Sources */ = {isa = PBXBuildFile; fileRef = 8268E0AB2A115DA500C90497 /* EmptyInfoScreen.swift */; };
		8268E0B02A11801300C90497 /* RowItemImageView.swift in Sources */ = {isa = PBXBuildFile; fileRef = 8268E0AF2A11801300C90497 /* RowItemImageView.swift */; };
		8268E0B22A1180C400C90497 /* RowItemTitleView.swift in Sources */ = {isa = PBXBuildFile; fileRef = 8268E0B12A1180C400C90497 /* RowItemTitleView.swift */; };
		8268E0B42A11844F00C90497 /* SubdetailsTextView.swift in Sources */ = {isa = PBXBuildFile; fileRef = 8268E0B32A11844F00C90497 /* SubdetailsTextView.swift */; };
		82B53BE82A17FE9C00AE1A01 /* PreviewData.swift in Sources */ = {isa = PBXBuildFile; fileRef = 82B53BE72A17FE9C00AE1A01 /* PreviewData.swift */; };
		BE614841D65C3A2BF5BA2586 /* Pods_PrintfulStoreDemoApp.framework in Frameworks */ = {isa = PBXBuildFile; fileRef = CFBCA5A493854105BECAC88C /* Pods_PrintfulStoreDemoApp.framework */; };
/* End PBXBuildFile section */

/* Begin PBXFileReference section */
		3902BC2997FE07BB9ECFC1E1 /* Pods-PrintfulStoreDemoApp.debug.xcconfig */ = {isa = PBXFileReference; includeInIndex = 1; lastKnownFileType = text.xcconfig; name = "Pods-PrintfulStoreDemoApp.debug.xcconfig"; path = "Target Support Files/Pods-PrintfulStoreDemoApp/Pods-PrintfulStoreDemoApp.debug.xcconfig"; sourceTree = "<group>"; };
		8268E0642A0A7A5600C90497 /* PrintfulStoreDemoApp.app */ = {isa = PBXFileReference; explicitFileType = wrapper.application; includeInIndex = 0; path = PrintfulStoreDemoApp.app; sourceTree = BUILT_PRODUCTS_DIR; };
		8268E0672A0A7A5600C90497 /* PrintfulStoreDemoAppApp.swift */ = {isa = PBXFileReference; lastKnownFileType = sourcecode.swift; path = PrintfulStoreDemoAppApp.swift; sourceTree = "<group>"; };
		8268E06B2A0A7A5800C90497 /* Assets.xcassets */ = {isa = PBXFileReference; lastKnownFileType = folder.assetcatalog; path = Assets.xcassets; sourceTree = "<group>"; };
		8268E06E2A0A7A5800C90497 /* Preview Assets.xcassets */ = {isa = PBXFileReference; lastKnownFileType = folder.assetcatalog; path = "Preview Assets.xcassets"; sourceTree = "<group>"; };
		8268E0782A0A7B2400C90497 /* HomeView.swift */ = {isa = PBXFileReference; lastKnownFileType = sourcecode.swift; path = HomeView.swift; sourceTree = "<group>"; };
		8268E07B2A0A7C7200C90497 /* CategoriesView.swift */ = {isa = PBXFileReference; lastKnownFileType = sourcecode.swift; path = CategoriesView.swift; sourceTree = "<group>"; };
		8268E07E2A0A7CE000C90497 /* Enumerations.swift */ = {isa = PBXFileReference; lastKnownFileType = sourcecode.swift; path = Enumerations.swift; sourceTree = "<group>"; };
		8268E0802A0A7CEA00C90497 /* Helpers.swift */ = {isa = PBXFileReference; lastKnownFileType = sourcecode.swift; path = Helpers.swift; sourceTree = "<group>"; };
		8268E0822A0A7CF200C90497 /* Constants.swift */ = {isa = PBXFileReference; lastKnownFileType = sourcecode.swift; path = Constants.swift; sourceTree = "<group>"; };
		8268E0852A0A7EB800C90497 /* FavoriteView.swift */ = {isa = PBXFileReference; lastKnownFileType = sourcecode.swift; path = FavoriteView.swift; sourceTree = "<group>"; };
		8268E0872A0A82AA00C90497 /* Categories.swift */ = {isa = PBXFileReference; lastKnownFileType = sourcecode.swift; path = Categories.swift; sourceTree = "<group>"; };
		8268E08A2A0A86C600C90497 /* StoreNetworkService.swift */ = {isa = PBXFileReference; lastKnownFileType = sourcecode.swift; path = StoreNetworkService.swift; sourceTree = "<group>"; };
		8268E08C2A0A879E00C90497 /* URL+Extensions.swift */ = {isa = PBXFileReference; lastKnownFileType = sourcecode.swift; path = "URL+Extensions.swift"; sourceTree = "<group>"; };
		8268E08E2A0A8A2F00C90497 /* CategoriesViewModel.swift */ = {isa = PBXFileReference; lastKnownFileType = sourcecode.swift; path = CategoriesViewModel.swift; sourceTree = "<group>"; };
		8268E0902A0A9CAB00C90497 /* CategoryRowItemView.swift */ = {isa = PBXFileReference; lastKnownFileType = sourcecode.swift; path = CategoryRowItemView.swift; sourceTree = "<group>"; };
		8268E0922A0AD3CD00C90497 /* ProductsView.swift */ = {isa = PBXFileReference; lastKnownFileType = sourcecode.swift; path = ProductsView.swift; sourceTree = "<group>"; };
		8268E0942A0C1A2200C90497 /* ProductsViewModel.swift */ = {isa = PBXFileReference; lastKnownFileType = sourcecode.swift; path = ProductsViewModel.swift; sourceTree = "<group>"; };
		8268E0962A0C1A5900C90497 /* Products.swift */ = {isa = PBXFileReference; lastKnownFileType = sourcecode.swift; path = Products.swift; sourceTree = "<group>"; };
		8268E09A2A0D611B00C90497 /* ProductRowItemView.swift */ = {isa = PBXFileReference; lastKnownFileType = sourcecode.swift; path = ProductRowItemView.swift; sourceTree = "<group>"; };
		8268E09C2A0D650E00C90497 /* ProductDetailView.swift */ = {isa = PBXFileReference; lastKnownFileType = sourcecode.swift; path = ProductDetailView.swift; sourceTree = "<group>"; };
		8268E0A32A0E38D500C90497 /* FavoriteProduct.xcdatamodel */ = {isa = PBXFileReference; lastKnownFileType = wrapper.xcdatamodel; path = FavoriteProduct.xcdatamodel; sourceTree = "<group>"; };
		8268E0A52A0E39CE00C90497 /* StorageDataController.swift */ = {isa = PBXFileReference; lastKnownFileType = sourcecode.swift; path = StorageDataController.swift; sourceTree = "<group>"; };
		8268E0A72A0E51E000C90497 /* FavoriteProductsViewModel.swift */ = {isa = PBXFileReference; lastKnownFileType = sourcecode.swift; path = FavoriteProductsViewModel.swift; sourceTree = "<group>"; };
		8268E0A92A114A5A00C90497 /* SkeletonRowItem.swift */ = {isa = PBXFileReference; lastKnownFileType = sourcecode.swift; path = SkeletonRowItem.swift; sourceTree = "<group>"; };
		8268E0AB2A115DA500C90497 /* EmptyInfoScreen.swift */ = {isa = PBXFileReference; lastKnownFileType = sourcecode.swift; path = EmptyInfoScreen.swift; sourceTree = "<group>"; };
		8268E0AF2A11801300C90497 /* RowItemImageView.swift */ = {isa = PBXFileReference; lastKnownFileType = sourcecode.swift; path = RowItemImageView.swift; sourceTree = "<group>"; };
		8268E0B12A1180C400C90497 /* RowItemTitleView.swift */ = {isa = PBXFileReference; lastKnownFileType = sourcecode.swift; path = RowItemTitleView.swift; sourceTree = "<group>"; };
		8268E0B32A11844F00C90497 /* SubdetailsTextView.swift */ = {isa = PBXFileReference; lastKnownFileType = sourcecode.swift; path = SubdetailsTextView.swift; sourceTree = "<group>"; };
		82B53BE72A17FE9C00AE1A01 /* PreviewData.swift */ = {isa = PBXFileReference; lastKnownFileType = sourcecode.swift; path = PreviewData.swift; sourceTree = "<group>"; };
		CFBCA5A493854105BECAC88C /* Pods_PrintfulStoreDemoApp.framework */ = {isa = PBXFileReference; explicitFileType = wrapper.framework; includeInIndex = 0; path = Pods_PrintfulStoreDemoApp.framework; sourceTree = BUILT_PRODUCTS_DIR; };
		D3CC313EFD5373495B5BD6B7 /* Pods-PrintfulStoreDemoApp.release.xcconfig */ = {isa = PBXFileReference; includeInIndex = 1; lastKnownFileType = text.xcconfig; name = "Pods-PrintfulStoreDemoApp.release.xcconfig"; path = "Target Support Files/Pods-PrintfulStoreDemoApp/Pods-PrintfulStoreDemoApp.release.xcconfig"; sourceTree = "<group>"; };
/* End PBXFileReference section */

/* Begin PBXFrameworksBuildPhase section */
		8268E0612A0A7A5600C90497 /* Frameworks */ = {
			isa = PBXFrameworksBuildPhase;
			buildActionMask = 2147483647;
			files = (
				BE614841D65C3A2BF5BA2586 /* Pods_PrintfulStoreDemoApp.framework in Frameworks */,
			);
			runOnlyForDeploymentPostprocessing = 0;
		};
/* End PBXFrameworksBuildPhase section */

/* Begin PBXGroup section */
		8268E05B2A0A7A5600C90497 = {
			isa = PBXGroup;
			children = (
				8268E0662A0A7A5600C90497 /* PrintfulStoreDemoApp */,
				8268E0652A0A7A5600C90497 /* Products */,
				ABF6717A2EEB00FEF26B5B2C /* Pods */,
				D4C5B164DCFC536B88AF91F2 /* Frameworks */,
			);
			sourceTree = "<group>";
		};
		8268E0652A0A7A5600C90497 /* Products */ = {
			isa = PBXGroup;
			children = (
				8268E0642A0A7A5600C90497 /* PrintfulStoreDemoApp.app */,
			);
			name = Products;
			sourceTree = "<group>";
		};
		8268E0662A0A7A5600C90497 /* PrintfulStoreDemoApp */ = {
			isa = PBXGroup;
			children = (
				8268E0892A0A85B800C90497 /* Services */,
				8268E07A2A0A7C3300C90497 /* App */,
				8268E0762A0A7B0500C90497 /* Views */,
				8268E0752A0A7AFE00C90497 /* Models */,
				8268E0772A0A7B0900C90497 /* ViewModels */,
				8268E07D2A0A7CD100C90497 /* Utils */,
				8268E0842A0A7D6800C90497 /* Extensions */,
				8268E06B2A0A7A5800C90497 /* Assets.xcassets */,
				8268E06D2A0A7A5800C90497 /* Preview Content */,
				8268E0A22A0E38D500C90497 /* FavoriteProduct.xcdatamodeld */,
			);
			path = PrintfulStoreDemoApp;
			sourceTree = "<group>";
		};
		8268E06D2A0A7A5800C90497 /* Preview Content */ = {
			isa = PBXGroup;
			children = (
				8268E06E2A0A7A5800C90497 /* Preview Assets.xcassets */,
				82B53BE72A17FE9C00AE1A01 /* PreviewData.swift */,
			);
			path = "Preview Content";
			sourceTree = "<group>";
		};
		8268E0752A0A7AFE00C90497 /* Models */ = {
			isa = PBXGroup;
			children = (
				8268E0872A0A82AA00C90497 /* Categories.swift */,
				8268E0962A0C1A5900C90497 /* Products.swift */,
			);
			path = Models;
			sourceTree = "<group>";
		};
		8268E0762A0A7B0500C90497 /* Views */ = {
			isa = PBXGroup;
			children = (
				8268E0782A0A7B2400C90497 /* HomeView.swift */,
				8268E07B2A0A7C7200C90497 /* CategoriesView.swift */,
				8268E0922A0AD3CD00C90497 /* ProductsView.swift */,
				8268E0852A0A7EB800C90497 /* FavoriteView.swift */,
				8268E0902A0A9CAB00C90497 /* CategoryRowItemView.swift */,
				8268E0A92A114A5A00C90497 /* SkeletonRowItem.swift */,
				8268E09A2A0D611B00C90497 /* ProductRowItemView.swift */,
				8268E09C2A0D650E00C90497 /* ProductDetailView.swift */,
				8268E0AB2A115DA500C90497 /* EmptyInfoScreen.swift */,
				8268E0AF2A11801300C90497 /* RowItemImageView.swift */,
				8268E0B12A1180C400C90497 /* RowItemTitleView.swift */,
				8268E0B32A11844F00C90497 /* SubdetailsTextView.swift */,
			);
			path = Views;
			sourceTree = "<group>";
		};
		8268E0772A0A7B0900C90497 /* ViewModels */ = {
			isa = PBXGroup;
			children = (
				8268E08E2A0A8A2F00C90497 /* CategoriesViewModel.swift */,
				8268E0942A0C1A2200C90497 /* ProductsViewModel.swift */,
				8268E0A72A0E51E000C90497 /* FavoriteProductsViewModel.swift */,
			);
			path = ViewModels;
			sourceTree = "<group>";
		};
		8268E07A2A0A7C3300C90497 /* App */ = {
			isa = PBXGroup;
			children = (
				8268E0672A0A7A5600C90497 /* PrintfulStoreDemoAppApp.swift */,
			);
			path = App;
			sourceTree = "<group>";
		};
		8268E07D2A0A7CD100C90497 /* Utils */ = {
			isa = PBXGroup;
			children = (
				8268E07E2A0A7CE000C90497 /* Enumerations.swift */,
				8268E0802A0A7CEA00C90497 /* Helpers.swift */,
				8268E0822A0A7CF200C90497 /* Constants.swift */,
			);
			path = Utils;
			sourceTree = "<group>";
		};
		8268E0842A0A7D6800C90497 /* Extensions */ = {
			isa = PBXGroup;
			children = (
				8268E08C2A0A879E00C90497 /* URL+Extensions.swift */,
			);
			path = Extensions;
			sourceTree = "<group>";
		};
		8268E0892A0A85B800C90497 /* Services */ = {
			isa = PBXGroup;
			children = (
				8268E08A2A0A86C600C90497 /* StoreNetworkService.swift */,
				8268E0A52A0E39CE00C90497 /* StorageDataController.swift */,
			);
			path = Services;
			sourceTree = "<group>";
		};
		ABF6717A2EEB00FEF26B5B2C /* Pods */ = {
			isa = PBXGroup;
			children = (
				3902BC2997FE07BB9ECFC1E1 /* Pods-PrintfulStoreDemoApp.debug.xcconfig */,
				D3CC313EFD5373495B5BD6B7 /* Pods-PrintfulStoreDemoApp.release.xcconfig */,
			);
			path = Pods;
			sourceTree = "<group>";
		};
		D4C5B164DCFC536B88AF91F2 /* Frameworks */ = {
			isa = PBXGroup;
			children = (
				CFBCA5A493854105BECAC88C /* Pods_PrintfulStoreDemoApp.framework */,
			);
			name = Frameworks;
			sourceTree = "<group>";
		};
/* End PBXGroup section */

/* Begin PBXNativeTarget section */
		8268E0632A0A7A5600C90497 /* PrintfulStoreDemoApp */ = {
			isa = PBXNativeTarget;
			buildConfigurationList = 8268E0722A0A7A5800C90497 /* Build configuration list for PBXNativeTarget "PrintfulStoreDemoApp" */;
			buildPhases = (
				3A665921EBF534C2F8D95198 /* [CP] Check Pods Manifest.lock */,
				8268E0602A0A7A5600C90497 /* Sources */,
				8268E0612A0A7A5600C90497 /* Frameworks */,
				8268E0622A0A7A5600C90497 /* Resources */,
				4B70353D09591074C5BDCB23 /* [CP] Embed Pods Frameworks */,
			);
			buildRules = (
			);
			dependencies = (
			);
			name = PrintfulStoreDemoApp;
			productName = PrintfulStoreDemoApp;
			productReference = 8268E0642A0A7A5600C90497 /* PrintfulStoreDemoApp.app */;
			productType = "com.apple.product-type.application";
		};
/* End PBXNativeTarget section */

/* Begin PBXProject section */
		8268E05C2A0A7A5600C90497 /* Project object */ = {
			isa = PBXProject;
			attributes = {
				BuildIndependentTargetsInParallel = 1;
				LastSwiftUpdateCheck = 1430;
				LastUpgradeCheck = 1430;
				TargetAttributes = {
					8268E0632A0A7A5600C90497 = {
						CreatedOnToolsVersion = 14.3;
					};
				};
			};
			buildConfigurationList = 8268E05F2A0A7A5600C90497 /* Build configuration list for PBXProject "PrintfulStoreDemoApp" */;
			compatibilityVersion = "Xcode 14.0";
			developmentRegion = en;
			hasScannedForEncodings = 0;
			knownRegions = (
				en,
				Base,
			);
			mainGroup = 8268E05B2A0A7A5600C90497;
			productRefGroup = 8268E0652A0A7A5600C90497 /* Products */;
			projectDirPath = "";
			projectRoot = "";
			targets = (
				8268E0632A0A7A5600C90497 /* PrintfulStoreDemoApp */,
			);
		};
/* End PBXProject section */

/* Begin PBXResourcesBuildPhase section */
		8268E0622A0A7A5600C90497 /* Resources */ = {
			isa = PBXResourcesBuildPhase;
			buildActionMask = 2147483647;
			files = (
				8268E06F2A0A7A5800C90497 /* Preview Assets.xcassets in Resources */,
				8268E06C2A0A7A5800C90497 /* Assets.xcassets in Resources */,
			);
			runOnlyForDeploymentPostprocessing = 0;
		};
/* End PBXResourcesBuildPhase section */

/* Begin PBXShellScriptBuildPhase section */
		3A665921EBF534C2F8D95198 /* [CP] Check Pods Manifest.lock */ = {
			isa = PBXShellScriptBuildPhase;
			buildActionMask = 2147483647;
			files = (
			);
			inputFileListPaths = (
			);
			inputPaths = (
				"${PODS_PODFILE_DIR_PATH}/Podfile.lock",
				"${PODS_ROOT}/Manifest.lock",
			);
			name = "[CP] Check Pods Manifest.lock";
			outputFileListPaths = (
			);
			outputPaths = (
				"$(DERIVED_FILE_DIR)/Pods-PrintfulStoreDemoApp-checkManifestLockResult.txt",
			);
			runOnlyForDeploymentPostprocessing = 0;
			shellPath = /bin/sh;
			shellScript = "diff \"${PODS_PODFILE_DIR_PATH}/Podfile.lock\" \"${PODS_ROOT}/Manifest.lock\" > /dev/null\nif [ $? != 0 ] ; then\n    # print error to STDERR\n    echo \"error: The sandbox is not in sync with the Podfile.lock. Run 'pod install' or update your CocoaPods installation.\" >&2\n    exit 1\nfi\n# This output is used by Xcode 'outputs' to avoid re-running this script phase.\necho \"SUCCESS\" > \"${SCRIPT_OUTPUT_FILE_0}\"\n";
			showEnvVarsInLog = 0;
		};
		4B70353D09591074C5BDCB23 /* [CP] Embed Pods Frameworks */ = {
			isa = PBXShellScriptBuildPhase;
			buildActionMask = 2147483647;
			files = (
			);
			inputFileListPaths = (
				"${PODS_ROOT}/Target Support Files/Pods-PrintfulStoreDemoApp/Pods-PrintfulStoreDemoApp-frameworks-${CONFIGURATION}-input-files.xcfilelist",
			);
			name = "[CP] Embed Pods Frameworks";
			outputFileListPaths = (
				"${PODS_ROOT}/Target Support Files/Pods-PrintfulStoreDemoApp/Pods-PrintfulStoreDemoApp-frameworks-${CONFIGURATION}-output-files.xcfilelist",
			);
			runOnlyForDeploymentPostprocessing = 0;
			shellPath = /bin/sh;
			shellScript = "\"${PODS_ROOT}/Target Support Files/Pods-PrintfulStoreDemoApp/Pods-PrintfulStoreDemoApp-frameworks.sh\"\n";
			showEnvVarsInLog = 0;
		};
/* End PBXShellScriptBuildPhase section */

/* Begin PBXSourcesBuildPhase section */
		8268E0602A0A7A5600C90497 /* Sources */ = {
			isa = PBXSourcesBuildPhase;
			buildActionMask = 2147483647;
			files = (
				8268E0792A0A7B2400C90497 /* HomeView.swift in Sources */,
				8268E0882A0A82AA00C90497 /* Categories.swift in Sources */,
				8268E0A82A0E51E000C90497 /* FavoriteProductsViewModel.swift in Sources */,
				8268E0952A0C1A2200C90497 /* ProductsViewModel.swift in Sources */,
				8268E09D2A0D650E00C90497 /* ProductDetailView.swift in Sources */,
				8268E0AA2A114A5A00C90497 /* SkeletonRowItem.swift in Sources */,
				8268E0862A0A7EB800C90497 /* FavoriteView.swift in Sources */,
				8268E0A42A0E38D500C90497 /* FavoriteProduct.xcdatamodeld in Sources */,
				8268E0682A0A7A5600C90497 /* PrintfulStoreDemoAppApp.swift in Sources */,
				8268E07C2A0A7C7200C90497 /* CategoriesView.swift in Sources */,
				8268E09B2A0D611B00C90497 /* ProductRowItemView.swift in Sources */,
				8268E0AC2A115DA500C90497 /* EmptyInfoScreen.swift in Sources */,
				8268E08B2A0A86C600C90497 /* StoreNetworkService.swift in Sources */,
				8268E0812A0A7CEA00C90497 /* Helpers.swift in Sources */,
				8268E0B22A1180C400C90497 /* RowItemTitleView.swift in Sources */,
				8268E0B02A11801300C90497 /* RowItemImageView.swift in Sources */,
				8268E0A62A0E39CE00C90497 /* StorageDataController.swift in Sources */,
				8268E08D2A0A879E00C90497 /* URL+Extensions.swift in Sources */,
				8268E0932A0AD3CD00C90497 /* ProductsView.swift in Sources */,
				8268E07F2A0A7CE000C90497 /* Enumerations.swift in Sources */,
				8268E0912A0A9CAB00C90497 /* CategoryRowItemView.swift in Sources */,
				8268E0972A0C1A5900C90497 /* Products.swift in Sources */,
				82B53BE82A17FE9C00AE1A01 /* PreviewData.swift in Sources */,
				8268E0832A0A7CF200C90497 /* Constants.swift in Sources */,
				8268E0B42A11844F00C90497 /* SubdetailsTextView.swift in Sources */,
				8268E08F2A0A8A2F00C90497 /* CategoriesViewModel.swift in Sources */,
			);
			runOnlyForDeploymentPostprocessing = 0;
		};
/* End PBXSourcesBuildPhase section */

/* Begin XCBuildConfiguration section */
		8268E0702A0A7A5800C90497 /* Debug */ = {
			isa = XCBuildConfiguration;
			buildSettings = {
				ALWAYS_SEARCH_USER_PATHS = NO;
				CLANG_ANALYZER_NONNULL = YES;
				CLANG_ANALYZER_NUMBER_OBJECT_CONVERSION = YES_AGGRESSIVE;
				CLANG_CXX_LANGUAGE_STANDARD = "gnu++20";
				CLANG_ENABLE_MODULES = YES;
				CLANG_ENABLE_OBJC_ARC = YES;
				CLANG_ENABLE_OBJC_WEAK = YES;
				CLANG_WARN_BLOCK_CAPTURE_AUTORELEASING = YES;
				CLANG_WARN_BOOL_CONVERSION = YES;
				CLANG_WARN_COMMA = YES;
				CLANG_WARN_CONSTANT_CONVERSION = YES;
				CLANG_WARN_DEPRECATED_OBJC_IMPLEMENTATIONS = YES;
				CLANG_WARN_DIRECT_OBJC_ISA_USAGE = YES_ERROR;
				CLANG_WARN_DOCUMENTATION_COMMENTS = YES;
				CLANG_WARN_EMPTY_BODY = YES;
				CLANG_WARN_ENUM_CONVERSION = YES;
				CLANG_WARN_INFINITE_RECURSION = YES;
				CLANG_WARN_INT_CONVERSION = YES;
				CLANG_WARN_NON_LITERAL_NULL_CONVERSION = YES;
				CLANG_WARN_OBJC_IMPLICIT_RETAIN_SELF = YES;
				CLANG_WARN_OBJC_LITERAL_CONVERSION = YES;
				CLANG_WARN_OBJC_ROOT_CLASS = YES_ERROR;
				CLANG_WARN_QUOTED_INCLUDE_IN_FRAMEWORK_HEADER = YES;
				CLANG_WARN_RANGE_LOOP_ANALYSIS = YES;
				CLANG_WARN_STRICT_PROTOTYPES = YES;
				CLANG_WARN_SUSPICIOUS_MOVE = YES;
				CLANG_WARN_UNGUARDED_AVAILABILITY = YES_AGGRESSIVE;
				CLANG_WARN_UNREACHABLE_CODE = YES;
				CLANG_WARN__DUPLICATE_METHOD_MATCH = YES;
				COPY_PHASE_STRIP = NO;
				DEBUG_INFORMATION_FORMAT = dwarf;
				ENABLE_STRICT_OBJC_MSGSEND = YES;
				ENABLE_TESTABILITY = YES;
				GCC_C_LANGUAGE_STANDARD = gnu11;
				GCC_DYNAMIC_NO_PIC = NO;
				GCC_NO_COMMON_BLOCKS = YES;
				GCC_OPTIMIZATION_LEVEL = 0;
				GCC_PREPROCESSOR_DEFINITIONS = (
					"DEBUG=1",
					"$(inherited)",
				);
				GCC_WARN_64_TO_32_BIT_CONVERSION = YES;
				GCC_WARN_ABOUT_RETURN_TYPE = YES_ERROR;
				GCC_WARN_UNDECLARED_SELECTOR = YES;
				GCC_WARN_UNINITIALIZED_AUTOS = YES_AGGRESSIVE;
				GCC_WARN_UNUSED_FUNCTION = YES;
				GCC_WARN_UNUSED_VARIABLE = YES;
				IPHONEOS_DEPLOYMENT_TARGET = 16.4;
				MTL_ENABLE_DEBUG_INFO = INCLUDE_SOURCE;
				MTL_FAST_MATH = YES;
				ONLY_ACTIVE_ARCH = YES;
				SDKROOT = iphoneos;
				SWIFT_ACTIVE_COMPILATION_CONDITIONS = DEBUG;
				SWIFT_OPTIMIZATION_LEVEL = "-Onone";
			};
			name = Debug;
		};
		8268E0712A0A7A5800C90497 /* Release */ = {
			isa = XCBuildConfiguration;
			buildSettings = {
				ALWAYS_SEARCH_USER_PATHS = NO;
				CLANG_ANALYZER_NONNULL = YES;
				CLANG_ANALYZER_NUMBER_OBJECT_CONVERSION = YES_AGGRESSIVE;
				CLANG_CXX_LANGUAGE_STANDARD = "gnu++20";
				CLANG_ENABLE_MODULES = YES;
				CLANG_ENABLE_OBJC_ARC = YES;
				CLANG_ENABLE_OBJC_WEAK = YES;
				CLANG_WARN_BLOCK_CAPTURE_AUTORELEASING = YES;
				CLANG_WARN_BOOL_CONVERSION = YES;
				CLANG_WARN_COMMA = YES;
				CLANG_WARN_CONSTANT_CONVERSION = YES;
				CLANG_WARN_DEPRECATED_OBJC_IMPLEMENTATIONS = YES;
				CLANG_WARN_DIRECT_OBJC_ISA_USAGE = YES_ERROR;
				CLANG_WARN_DOCUMENTATION_COMMENTS = YES;
				CLANG_WARN_EMPTY_BODY = YES;
				CLANG_WARN_ENUM_CONVERSION = YES;
				CLANG_WARN_INFINITE_RECURSION = YES;
				CLANG_WARN_INT_CONVERSION = YES;
				CLANG_WARN_NON_LITERAL_NULL_CONVERSION = YES;
				CLANG_WARN_OBJC_IMPLICIT_RETAIN_SELF = YES;
				CLANG_WARN_OBJC_LITERAL_CONVERSION = YES;
				CLANG_WARN_OBJC_ROOT_CLASS = YES_ERROR;
				CLANG_WARN_QUOTED_INCLUDE_IN_FRAMEWORK_HEADER = YES;
				CLANG_WARN_RANGE_LOOP_ANALYSIS = YES;
				CLANG_WARN_STRICT_PROTOTYPES = YES;
				CLANG_WARN_SUSPICIOUS_MOVE = YES;
				CLANG_WARN_UNGUARDED_AVAILABILITY = YES_AGGRESSIVE;
				CLANG_WARN_UNREACHABLE_CODE = YES;
				CLANG_WARN__DUPLICATE_METHOD_MATCH = YES;
				COPY_PHASE_STRIP = NO;
				DEBUG_INFORMATION_FORMAT = "dwarf-with-dsym";
				ENABLE_NS_ASSERTIONS = NO;
				ENABLE_STRICT_OBJC_MSGSEND = YES;
				GCC_C_LANGUAGE_STANDARD = gnu11;
				GCC_NO_COMMON_BLOCKS = YES;
				GCC_WARN_64_TO_32_BIT_CONVERSION = YES;
				GCC_WARN_ABOUT_RETURN_TYPE = YES_ERROR;
				GCC_WARN_UNDECLARED_SELECTOR = YES;
				GCC_WARN_UNINITIALIZED_AUTOS = YES_AGGRESSIVE;
				GCC_WARN_UNUSED_FUNCTION = YES;
				GCC_WARN_UNUSED_VARIABLE = YES;
				IPHONEOS_DEPLOYMENT_TARGET = 16.4;
				MTL_ENABLE_DEBUG_INFO = NO;
				MTL_FAST_MATH = YES;
				SDKROOT = iphoneos;
				SWIFT_COMPILATION_MODE = wholemodule;
				SWIFT_OPTIMIZATION_LEVEL = "-O";
				VALIDATE_PRODUCT = YES;
			};
			name = Release;
		};
		8268E0732A0A7A5800C90497 /* Debug */ = {
			isa = XCBuildConfiguration;
			baseConfigurationReference = 3902BC2997FE07BB9ECFC1E1 /* Pods-PrintfulStoreDemoApp.debug.xcconfig */;
			buildSettings = {
				ASSETCATALOG_COMPILER_APPICON_NAME = AppIcon;
				ASSETCATALOG_COMPILER_GLOBAL_ACCENT_COLOR_NAME = AccentColor;
				CODE_SIGN_STYLE = Automatic;
				CURRENT_PROJECT_VERSION = 1;
				DEVELOPMENT_ASSET_PATHS = "\"PrintfulStoreDemoApp/Preview Content\"";
				DEVELOPMENT_TEAM = 4DGNYHY76F;
				ENABLE_PREVIEWS = YES;
				GENERATE_INFOPLIST_FILE = YES;
				INFOPLIST_KEY_UIApplicationSceneManifest_Generation = YES;
				INFOPLIST_KEY_UIApplicationSupportsIndirectInputEvents = YES;
				INFOPLIST_KEY_UILaunchScreen_Generation = YES;
				INFOPLIST_KEY_UISupportedInterfaceOrientations = UIInterfaceOrientationPortrait;
				LD_RUNPATH_SEARCH_PATHS = (
					"$(inherited)",
					"@executable_path/Frameworks",
				);
				MARKETING_VERSION = 1.0;
				PRODUCT_BUNDLE_IDENTIFIER = lv.karlisstekels.PrintfulStoreDemoApp;
				PRODUCT_NAME = "$(TARGET_NAME)";
				SUPPORTED_PLATFORMS = "iphoneos iphonesimulator";
				SUPPORTS_MACCATALYST = NO;
				SUPPORTS_MAC_DESIGNED_FOR_IPHONE_IPAD = NO;
				SWIFT_EMIT_LOC_STRINGS = YES;
				SWIFT_VERSION = 5.0;
				TARGETED_DEVICE_FAMILY = 1;
			};
			name = Debug;
		};
		8268E0742A0A7A5800C90497 /* Release */ = {
			isa = XCBuildConfiguration;
			baseConfigurationReference = D3CC313EFD5373495B5BD6B7 /* Pods-PrintfulStoreDemoApp.release.xcconfig */;
			buildSettings = {
				ASSETCATALOG_COMPILER_APPICON_NAME = AppIcon;
				ASSETCATALOG_COMPILER_GLOBAL_ACCENT_COLOR_NAME = AccentColor;
				CODE_SIGN_STYLE = Automatic;
				CURRENT_PROJECT_VERSION = 1;
				DEVELOPMENT_ASSET_PATHS = "\"PrintfulStoreDemoApp/Preview Content\"";
				DEVELOPMENT_TEAM = 4DGNYHY76F;
				ENABLE_PREVIEWS = YES;
				GENERATE_INFOPLIST_FILE = YES;
				INFOPLIST_KEY_UIApplicationSceneManifest_Generation = YES;
				INFOPLIST_KEY_UIApplicationSupportsIndirectInputEvents = YES;
				INFOPLIST_KEY_UILaunchScreen_Generation = YES;
				INFOPLIST_KEY_UISupportedInterfaceOrientations = UIInterfaceOrientationPortrait;
				LD_RUNPATH_SEARCH_PATHS = (
					"$(inherited)",
					"@executable_path/Frameworks",
				);
				MARKETING_VERSION = 1.0;
				PRODUCT_BUNDLE_IDENTIFIER = lv.karlisstekels.PrintfulStoreDemoApp;
				PRODUCT_NAME = "$(TARGET_NAME)";
				SUPPORTED_PLATFORMS = "iphoneos iphonesimulator";
				SUPPORTS_MACCATALYST = NO;
				SUPPORTS_MAC_DESIGNED_FOR_IPHONE_IPAD = NO;
				SWIFT_EMIT_LOC_STRINGS = YES;
				SWIFT_VERSION = 5.0;
				TARGETED_DEVICE_FAMILY = 1;
			};
			name = Release;
		};
/* End XCBuildConfiguration section */

/* Begin XCConfigurationList section */
		8268E05F2A0A7A5600C90497 /* Build configuration list for PBXProject "PrintfulStoreDemoApp" */ = {
			isa = XCConfigurationList;
			buildConfigurations = (
				8268E0702A0A7A5800C90497 /* Debug */,
				8268E0712A0A7A5800C90497 /* Release */,
			);
			defaultConfigurationIsVisible = 0;
			defaultConfigurationName = Release;
		};
		8268E0722A0A7A5800C90497 /* Build configuration list for PBXNativeTarget "PrintfulStoreDemoApp" */ = {
			isa = XCConfigurationList;
			buildConfigurations = (
				8268E0732A0A7A5800C90497 /* Debug */,
				8268E0742A0A7A5800C90497 /* Release */,
			);
			defaultConfigurationIsVisible = 0;
			defaultConfigurationName = Release;
		};
/* End XCConfigurationList section */

/* Begin XCVersionGroup section */
		8268E0A22A0E38D500C90497 /* FavoriteProduct.xcdatamodeld */ = {
			isa = XCVersionGroup;
			children = (
				8268E0A32A0E38D500C90497 /* FavoriteProduct.xcdatamodel */,
			);
			currentVersion = 8268E0A32A0E38D500C90497 /* FavoriteProduct.xcdatamodel */;
			path = FavoriteProduct.xcdatamodeld;
			sourceTree = "<group>";
			versionGroupType = wrapper.xcdatamodel;
		};
/* End XCVersionGroup section */
	};
	rootObject = 8268E05C2A0A7A5600C90497 /* Project object */;
}
